
Microsoft Visual Studio Solution File, Format Version 12.00
# Visual Studio 15
VisualStudioVersion = 15.0.28307.168
MinimumVisualStudioVersion = 10.0.40219.1
Project("{888888A0-9F3D-457C-B088-3A5042F75D52}") = "01-01 Hello World", "01-01 Hello World\01-01 Hello World.pyproj", "{42580E7B-3664-4DCC-91FF-B8CC4BF475E8}"
EndProject
Project("{888888A0-9F3D-457C-B088-3A5042F75D52}") = "01-02 Variables and Types", "01-02 Variables and Types\01-02 Variables and Types.pyproj", "{B5B93578-56AA-4DBF-B99B-B5961CA997E1}"
EndProject
Global
	GlobalSection(SolutionConfigurationPlatforms) = preSolution
		Debug|Any CPU = Debug|Any CPU
		Release|Any CPU = Release|Any CPU
	EndGlobalSection
	GlobalSection(ProjectConfigurationPlatforms) = postSolution
		{42580E7B-3664-4DCC-91FF-B8CC4BF475E8}.Debug|Any CPU.ActiveCfg = Debug|Any CPU
		{42580E7B-3664-4DCC-91FF-B8CC4BF475E8}.Release|Any CPU.ActiveCfg = Release|Any CPU
		{B5B93578-56AA-4DBF-B99B-B5961CA997E1}.Debug|Any CPU.ActiveCfg = Debug|Any CPU
		{B5B93578-56AA-4DBF-B99B-B5961CA997E1}.Release|Any CPU.ActiveCfg = Release|Any CPU
	EndGlobalSection
	GlobalSection(SolutionProperties) = preSolution
		HideSolutionNode = FALSE
	EndGlobalSection
	GlobalSection(ExtensibilityGlobals) = postSolution
		SolutionGuid = {DD19C34F-81B0-4D4C-A256-A2DADC515685}
	EndGlobalSection
EndGlobal
